
Microsoft Visual Studio Solution File, Format Version 12.00
# Visual Studio Version 16
VisualStudioVersion = 16.0.31911.196
MinimumVisualStudioVersion = 10.0.40219.1
Project("{FAE04EC0-301F-11D3-BF4B-00C04F79EFBC}") = "ServiceMtk-P1-20190140100", "ServiceMtk-P1-20190140100\ServiceMtk-P1-20190140100.csproj", "{8CB5F41F-49BD-46E5-B59F-BA49B67737F5}"
EndProject
Global
	GlobalSection(SolutionConfigurationPlatforms) = preSolution
		Debug|Any CPU = Debug|Any CPU
		Release|Any CPU = Release|Any CPU
	EndGlobalSection
	GlobalSection(ProjectConfigurationPlatforms) = postSolution
		{8CB5F41F-49BD-46E5-B59F-BA49B67737F5}.Debug|Any CPU.ActiveCfg = Debug|Any CPU
		{8CB5F41F-49BD-46E5-B59F-BA49B67737F5}.Debug|Any CPU.Build.0 = Debug|Any CPU
		{8CB5F41F-49BD-46E5-B59F-BA49B67737F5}.Release|Any CPU.ActiveCfg = Release|Any CPU
		{8CB5F41F-49BD-46E5-B59F-BA49B67737F5}.Release|Any CPU.Build.0 = Release|Any CPU
	EndGlobalSection
	GlobalSection(SolutionProperties) = preSolution
		HideSolutionNode = FALSE
	EndGlobalSection
	GlobalSection(ExtensibilityGlobals) = postSolution
		SolutionGuid = {B582677D-8CB2-4BF1-A840-3BA1D4FAE08B}
	EndGlobalSection
EndGlobal
